
Microsoft Visual Studio Solution File, Format Version 12.00
# Visual Studio Version 16
VisualStudioVersion = 16.0.29911.84
MinimumVisualStudioVersion = 10.0.40219.1
Project("{FAE04EC0-301F-11D3-BF4B-00C04F79EFBC}") = "TP3_GRUPO8", "Trabajo Practico Nro 3\TP3_GRUPO8.csproj", "{4D9A6F57-499C-4DF4-BC55-4F77018D19E5}"
EndProject
Global
	GlobalSection(SolutionConfigurationPlatforms) = preSolution
		Debug|Any CPU = Debug|Any CPU
		Release|Any CPU = Release|Any CPU
	EndGlobalSection
	GlobalSection(ProjectConfigurationPlatforms) = postSolution
		{4D9A6F57-499C-4DF4-BC55-4F77018D19E5}.Debug|Any CPU.ActiveCfg = Debug|Any CPU
		{4D9A6F57-499C-4DF4-BC55-4F77018D19E5}.Debug|Any CPU.Build.0 = Debug|Any CPU
		{4D9A6F57-499C-4DF4-BC55-4F77018D19E5}.Release|Any CPU.ActiveCfg = Release|Any CPU
		{4D9A6F57-499C-4DF4-BC55-4F77018D19E5}.Release|Any CPU.Build.0 = Release|Any CPU
	EndGlobalSection
	GlobalSection(SolutionProperties) = preSolution
		HideSolutionNode = FALSE
	EndGlobalSection
	GlobalSection(ExtensibilityGlobals) = postSolution
		SolutionGuid = {9E2D4692-617F-4EC2-ADD3-C5AD4BBF68D8}
	EndGlobalSection
EndGlobal
